<Project ToolsVersion="4.0" xmlns="http://schemas.microsoft.com/developer/msbuild/2003">
  <ItemGroup>
    <Filter Include="Source Files">
      <UniqueIdentifier>{4FC737F1-C7A5-4376-A066-2A32D752A2FF}</UniqueIdentifier>
      <Extensions>cpp;c;cc;cxx;def;odl;idl;hpj;bat;asm;asmx</Extensions>
    </Filter>
    <Filter Include="Header Files">
      <UniqueIdentifier>{93995380-89BD-4b04-88EB-625FBE52EBFB}</UniqueIdentifier>
      <Extensions>h;hpp;hxx;hm;inl;inc;xsd</Extensions>
    </Filter>
    <Filter Include="Resource Files">
      <UniqueIdentifier>{67DA6AB6-F800-4c08-8B7A-83BB121AAD01}</UniqueIdentifier>
      <Extensions>rc;ico;cur;bmp;dlg;rc2;rct;bin;rgs;gif;jpg;jpeg;jpe;resx;tiff;tif;png;wav</Extensions>
    </Filter>
    <Filter Include="Blocks">
      <UniqueIdentifier>{41BFA86F-4C19-46ED-82CF-834D2FAF4E97}</UniqueIdentifier>
    </Filter>
    <Filter Include="Blocks\Box2D">
      <UniqueIdentifier>{832BDA60-76A4-442C-81D8-A1A688454C81}</UniqueIdentifier>
    </Filter>
    <Filter Include="Blocks\Box2D\src">
      <UniqueIdentifier>{744EC3C4-D7DC-4A19-A4F6-C277C48C7BD1}</UniqueIdentifier>
    </Filter>
    <Filter Include="Blocks\Box2D\src\Box2D">
      <UniqueIdentifier>{82DC2F42-2E4F-41C6-8787-72826D8FE11D}</UniqueIdentifier>
    </Filter>
    <Filter Include="Blocks\Box2D\src\Box2D\Collision">
      <UniqueIdentifier>{8A57033C-8A2A-49CC-9DA4-8B86020F1D31}</UniqueIdentifier>
    </Filter>
    <Filter Include="Blocks\Box2D\src\Box2D\Collision\Shapes">
      <UniqueIdentifier>{56824453-5B07-4897-A7CA-AA7E36AF82EE}</UniqueIdentifier>
    </Filter>
    <Filter Include="Blocks\Box2D\src\Box2D\Common">
      <UniqueIdentifier>{833D2265-B79B-401D-BC5A-09534A465006}</UniqueIdentifier>
    </Filter>
    <Filter Include="Blocks\Box2D\src\Box2D\Dynamics">
      <UniqueIdentifier>{3359C737-0D09-4F63-B08B-223BE799E458}</UniqueIdentifier>
    </Filter>
    <Filter Include="Blocks\Box2D\src\Box2D\Dynamics\Contacts">
      <UniqueIdentifier>{E88A05BF-8F0B-46A6-9E34-DEE7773637B8}</UniqueIdentifier>
    </Filter>
    <Filter Include="Blocks\Box2D\src\Box2D\Dynamics\Joints">
      <UniqueIdentifier>{2D8310BD-1410-4195-BDFE-77EF70DB3689}</UniqueIdentifier>
    </Filter>
    <Filter Include="Blocks\Box2D\src\Box2D\Rope">
      <UniqueIdentifier>{66D5A2AB-3DE4-42CD-8041-0B2328F1B458}</UniqueIdentifier>
    </Filter>
    <Filter Include="Blocks\Cairo">
      <UniqueIdentifier>{1BA4E208-718E-4853-8262-552AFE357DF4}</UniqueIdentifier>
    </Filter>
    <Filter Include="Blocks\Cairo\src">
      <UniqueIdentifier>{7FB03889-37F4-4185-80EF-C6DCE5604495}</UniqueIdentifier>
    </Filter>
    <Filter Include="Blocks\Cairo\include">
      <UniqueIdentifier>{89433F2C-6FC5-4D52-8C7C-C5C11795E2B4}</UniqueIdentifier>
    </Filter>
    <Filter Include="Blocks\Cairo\include\cinder">
      <UniqueIdentifier>{42D6CF35-41BA-4711-B9C0-EB40AC6596FB}</UniqueIdentifier>
    </Filter>
    <Filter Include="Blocks\Cairo\include\cinder\cairo">
      <UniqueIdentifier>{19A1F17E-8CFB-4EC0-9A68-BE6BC89CA5D9}</UniqueIdentifier>
    </Filter>
    <Filter Include="Blocks\MsKinect">
      <UniqueIdentifier>{7F34BF21-691B-4168-833E-FC820D963AA4}</UniqueIdentifier>
    </Filter>
    <Filter Include="Blocks\MsKinect\src">
      <UniqueIdentifier>{9DB91B1C-E00A-4C48-B010-DC46A5F5DF02}</UniqueIdentifier>
    </Filter>
    <Filter Include="Blocks\OpenCV">
      <UniqueIdentifier>{4EE0B3F9-223A-46FE-A637-5BE3F6B6DACC}</UniqueIdentifier>
    </Filter>
    <Filter Include="Blocks\OpenCV\include">
      <UniqueIdentifier>{3BE2F83A-3071-4C9B-8CD3-38881EC9B6C0}</UniqueIdentifier>
    </Filter>
    <Filter Include="Blocks\OSC">
      <UniqueIdentifier>{C983EBF1-6425-4755-82B2-3BB97E873438}</UniqueIdentifier>
    </Filter>
    <Filter Include="Blocks\OSC\src">
      <UniqueIdentifier>{419C89BB-B4CD-4BAF-80FD-A7D62155EE45}</UniqueIdentifier>
    </Filter>
    <Filter Include="Blocks\OSC\src\ip">
      <UniqueIdentifier>{67B0AEE2-F31D-4C91-91F8-DA9EA22F0AE1}</UniqueIdentifier>
    </Filter>
    <Filter Include="Blocks\OSC\src\osc">
      <UniqueIdentifier>{26660BA7-AA88-49C9-B656-97032562C770}</UniqueIdentifier>
    </Filter>
    <Filter Include="Blocks\OSC\src\ip\win32">
      <UniqueIdentifier>{73BA7D4A-38AD-4B6A-A374-A189EB44709F}</UniqueIdentifier>
    </Filter>
    <Filter Include="Blocks\TUIO">
      <UniqueIdentifier>{03F71D76-E0F4-4BC2-A2A8-7215BBA75848}</UniqueIdentifier>
    </Filter>
    <Filter Include="Blocks\TUIO\src">
      <UniqueIdentifier>{8BB7B7B0-5CB3-46E4-961B-3E9131C8101B}</UniqueIdentifier>
    </Filter>
    <Filter Include="Blocks\TUIO\include">
      <UniqueIdentifier>{694881DB-4DB9-4D6A-97C8-A2F4DB5F1C90}</UniqueIdentifier>
    </Filter>
  </ItemGroup>
  <ItemGroup>
    <ClCompile Include="..\src\PaceApp.cpp">
      <Filter>Source Files</Filter>
    </ClCompile>
    <ClCompile Include="..\src\PaceApp.cpp">
      <Filter>Source Files</Filter>
    </ClCompile>
    <ClInclude Include="..\include\Resources.h">
      <Filter>Header Files</Filter>
    </ClInclude>
    <ClCompile Include="..\blocks\Box2D\src\Box2D\Collision\b2BroadPhase.cpp">
      <Filter>Blocks\Box2D\src\Box2D\Collision</Filter>
    </ClCompile>
    <ClCompile Include="..\blocks\Box2D\src\Box2D\Collision\b2CollideCircle.cpp">
      <Filter>Blocks\Box2D\src\Box2D\Collision</Filter>
    </ClCompile>
    <ClCompile Include="..\blocks\Box2D\src\Box2D\Collision\b2CollideEdge.cpp">
      <Filter>Blocks\Box2D\src\Box2D\Collision</Filter>
    </ClCompile>
    <ClCompile Include="..\blocks\Box2D\src\Box2D\Collision\b2CollidePolygon.cpp">
      <Filter>Blocks\Box2D\src\Box2D\Collision</Filter>
    </ClCompile>
    <ClCompile Include="..\blocks\Box2D\src\Box2D\Collision\b2Collision.cpp">
      <Filter>Blocks\Box2D\src\Box2D\Collision</Filter>
    </ClCompile>
    <ClCompile Include="..\blocks\Box2D\src\Box2D\Collision\b2Distance.cpp">
      <Filter>Blocks\Box2D\src\Box2D\Collision</Filter>
    </ClCompile>
    <ClCompile Include="..\blocks\Box2D\src\Box2D\Collision\b2DynamicTree.cpp">
      <Filter>Blocks\Box2D\src\Box2D\Collision</Filter>
    </ClCompile>
    <ClCompile Include="..\blocks\Box2D\src\Box2D\Collision\b2TimeOfImpact.cpp">
      <Filter>Blocks\Box2D\src\Box2D\Collision</Filter>
    </ClCompile>
    <ClInclude Include="..\blocks\Box2D\src\Box2D\Collision\b2BroadPhase.h">
      <Filter>Blocks\Box2D\src\Box2D\Collision</Filter>
    </ClInclude>
    <ClInclude Include="..\blocks\Box2D\src\Box2D\Collision\b2Collision.h">
      <Filter>Blocks\Box2D\src\Box2D\Collision</Filter>
    </ClInclude>
    <ClInclude Include="..\blocks\Box2D\src\Box2D\Collision\b2Distance.h">
      <Filter>Blocks\Box2D\src\Box2D\Collision</Filter>
    </ClInclude>
    <ClInclude Include="..\blocks\Box2D\src\Box2D\Collision\b2DynamicTree.h">
      <Filter>Blocks\Box2D\src\Box2D\Collision</Filter>
    </ClInclude>
    <ClInclude Include="..\blocks\Box2D\src\Box2D\Collision\b2TimeOfImpact.h">
      <Filter>Blocks\Box2D\src\Box2D\Collision</Filter>
    </ClInclude>
    <ClCompile Include="..\blocks\Box2D\src\Box2D\Collision\Shapes\b2ChainShape.cpp">
      <Filter>Blocks\Box2D\src\Box2D\Collision\Shapes</Filter>
    </ClCompile>
    <ClCompile Include="..\blocks\Box2D\src\Box2D\Collision\Shapes\b2CircleShape.cpp">
      <Filter>Blocks\Box2D\src\Box2D\Collision\Shapes</Filter>
    </ClCompile>
    <ClCompile Include="..\blocks\Box2D\src\Box2D\Collision\Shapes\b2EdgeShape.cpp">
      <Filter>Blocks\Box2D\src\Box2D\Collision\Shapes</Filter>
    </ClCompile>
    <ClCompile Include="..\blocks\Box2D\src\Box2D\Collision\Shapes\b2PolygonShape.cpp">
      <Filter>Blocks\Box2D\src\Box2D\Collision\Shapes</Filter>
    </ClCompile>
    <ClInclude Include="..\blocks\Box2D\src\Box2D\Collision\Shapes\b2ChainShape.h">
      <Filter>Blocks\Box2D\src\Box2D\Collision\Shapes</Filter>
    </ClInclude>
    <ClInclude Include="..\blocks\Box2D\src\Box2D\Collision\Shapes\b2CircleShape.h">
      <Filter>Blocks\Box2D\src\Box2D\Collision\Shapes</Filter>
    </ClInclude>
    <ClInclude Include="..\blocks\Box2D\src\Box2D\Collision\Shapes\b2EdgeShape.h">
      <Filter>Blocks\Box2D\src\Box2D\Collision\Shapes</Filter>
    </ClInclude>
    <ClInclude Include="..\blocks\Box2D\src\Box2D\Collision\Shapes\b2PolygonShape.h">
      <Filter>Blocks\Box2D\src\Box2D\Collision\Shapes</Filter>
    </ClInclude>
    <ClInclude Include="..\blocks\Box2D\src\Box2D\Collision\Shapes\b2Shape.h">
      <Filter>Blocks\Box2D\src\Box2D\Collision\Shapes</Filter>
    </ClInclude>
    <ClCompile Include="..\blocks\Box2D\src\Box2D\Common\b2BlockAllocator.cpp">
      <Filter>Blocks\Box2D\src\Box2D\Common</Filter>
    </ClCompile>
    <ClCompile Include="..\blocks\Box2D\src\Box2D\Common\b2Draw.cpp">
      <Filter>Blocks\Box2D\src\Box2D\Common</Filter>
    </ClCompile>
    <ClCompile Include="..\blocks\Box2D\src\Box2D\Common\b2Math.cpp">
      <Filter>Blocks\Box2D\src\Box2D\Common</Filter>
    </ClCompile>
    <ClCompile Include="..\blocks\Box2D\src\Box2D\Common\b2Settings.cpp">
      <Filter>Blocks\Box2D\src\Box2D\Common</Filter>
    </ClCompile>
    <ClCompile Include="..\blocks\Box2D\src\Box2D\Common\b2StackAllocator.cpp">
      <Filter>Blocks\Box2D\src\Box2D\Common</Filter>
    </ClCompile>
    <ClCompile Include="..\blocks\Box2D\src\Box2D\Common\b2Timer.cpp">
      <Filter>Blocks\Box2D\src\Box2D\Common</Filter>
    </ClCompile>
    <ClInclude Include="..\blocks\Box2D\src\Box2D\Common\b2BlockAllocator.h">
      <Filter>Blocks\Box2D\src\Box2D\Common</Filter>
    </ClInclude>
    <ClInclude Include="..\blocks\Box2D\src\Box2D\Common\b2Draw.h">
      <Filter>Blocks\Box2D\src\Box2D\Common</Filter>
    </ClInclude>
    <ClInclude Include="..\blocks\Box2D\src\Box2D\Common\b2GrowableStack.h">
      <Filter>Blocks\Box2D\src\Box2D\Common</Filter>
    </ClInclude>
    <ClInclude Include="..\blocks\Box2D\src\Box2D\Common\b2Math.h">
      <Filter>Blocks\Box2D\src\Box2D\Common</Filter>
    </ClInclude>
    <ClInclude Include="..\blocks\Box2D\src\Box2D\Common\b2Settings.h">
      <Filter>Blocks\Box2D\src\Box2D\Common</Filter>
    </ClInclude>
    <ClInclude Include="..\blocks\Box2D\src\Box2D\Common\b2StackAllocator.h">
      <Filter>Blocks\Box2D\src\Box2D\Common</Filter>
    </ClInclude>
    <ClInclude Include="..\blocks\Box2D\src\Box2D\Common\b2Timer.h">
      <Filter>Blocks\Box2D\src\Box2D\Common</Filter>
    </ClInclude>
    <ClCompile Include="..\blocks\Box2D\src\Box2D\Dynamics\b2Body.cpp">
      <Filter>Blocks\Box2D\src\Box2D\Dynamics</Filter>
    </ClCompile>
    <ClCompile Include="..\blocks\Box2D\src\Box2D\Dynamics\b2ContactManager.cpp">
      <Filter>Blocks\Box2D\src\Box2D\Dynamics</Filter>
    </ClCompile>
    <ClCompile Include="..\blocks\Box2D\src\Box2D\Dynamics\b2Fixture.cpp">
      <Filter>Blocks\Box2D\src\Box2D\Dynamics</Filter>
    </ClCompile>
    <ClCompile Include="..\blocks\Box2D\src\Box2D\Dynamics\b2Island.cpp">
      <Filter>Blocks\Box2D\src\Box2D\Dynamics</Filter>
    </ClCompile>
    <ClCompile Include="..\blocks\Box2D\src\Box2D\Dynamics\b2World.cpp">
      <Filter>Blocks\Box2D\src\Box2D\Dynamics</Filter>
    </ClCompile>
    <ClCompile Include="..\blocks\Box2D\src\Box2D\Dynamics\b2WorldCallbacks.cpp">
      <Filter>Blocks\Box2D\src\Box2D\Dynamics</Filter>
    </ClCompile>
    <ClInclude Include="..\blocks\Box2D\src\Box2D\Dynamics\b2Body.h">
      <Filter>Blocks\Box2D\src\Box2D\Dynamics</Filter>
    </ClInclude>
    <ClInclude Include="..\blocks\Box2D\src\Box2D\Dynamics\b2ContactManager.h">
      <Filter>Blocks\Box2D\src\Box2D\Dynamics</Filter>
    </ClInclude>
    <ClInclude Include="..\blocks\Box2D\src\Box2D\Dynamics\b2Fixture.h">
      <Filter>Blocks\Box2D\src\Box2D\Dynamics</Filter>
    </ClInclude>
    <ClInclude Include="..\blocks\Box2D\src\Box2D\Dynamics\b2Island.h">
      <Filter>Blocks\Box2D\src\Box2D\Dynamics</Filter>
    </ClInclude>
    <ClInclude Include="..\blocks\Box2D\src\Box2D\Dynamics\b2TimeStep.h">
      <Filter>Blocks\Box2D\src\Box2D\Dynamics</Filter>
    </ClInclude>
    <ClInclude Include="..\blocks\Box2D\src\Box2D\Dynamics\b2World.h">
      <Filter>Blocks\Box2D\src\Box2D\Dynamics</Filter>
    </ClInclude>
    <ClInclude Include="..\blocks\Box2D\src\Box2D\Dynamics\b2WorldCallbacks.h">
      <Filter>Blocks\Box2D\src\Box2D\Dynamics</Filter>
    </ClInclude>
    <ClCompile Include="..\blocks\Box2D\src\Box2D\Dynamics\Contacts\b2ChainAndCircleContact.cpp">
      <Filter>Blocks\Box2D\src\Box2D\Dynamics\Contacts</Filter>
    </ClCompile>
    <ClCompile Include="..\blocks\Box2D\src\Box2D\Dynamics\Contacts\b2ChainAndPolygonContact.cpp">
      <Filter>Blocks\Box2D\src\Box2D\Dynamics\Contacts</Filter>
    </ClCompile>
    <ClCompile Include="..\blocks\Box2D\src\Box2D\Dynamics\Contacts\b2CircleContact.cpp">
      <Filter>Blocks\Box2D\src\Box2D\Dynamics\Contacts</Filter>
    </ClCompile>
    <ClCompile Include="..\blocks\Box2D\src\Box2D\Dynamics\Contacts\b2Contact.cpp">
      <Filter>Blocks\Box2D\src\Box2D\Dynamics\Contacts</Filter>
    </ClCompile>
    <ClCompile Include="..\blocks\Box2D\src\Box2D\Dynamics\Contacts\b2ContactSolver.cpp">
      <Filter>Blocks\Box2D\src\Box2D\Dynamics\Contacts</Filter>
    </ClCompile>
    <ClCompile Include="..\blocks\Box2D\src\Box2D\Dynamics\Contacts\b2EdgeAndCircleContact.cpp">
      <Filter>Blocks\Box2D\src\Box2D\Dynamics\Contacts</Filter>
    </ClCompile>
    <ClCompile Include="..\blocks\Box2D\src\Box2D\Dynamics\Contacts\b2EdgeAndPolygonContact.cpp">
      <Filter>Blocks\Box2D\src\Box2D\Dynamics\Contacts</Filter>
    </ClCompile>
    <ClCompile Include="..\blocks\Box2D\src\Box2D\Dynamics\Contacts\b2PolygonAndCircleContact.cpp">
      <Filter>Blocks\Box2D\src\Box2D\Dynamics\Contacts</Filter>
    </ClCompile>
    <ClCompile Include="..\blocks\Box2D\src\Box2D\Dynamics\Contacts\b2PolygonContact.cpp">
      <Filter>Blocks\Box2D\src\Box2D\Dynamics\Contacts</Filter>
    </ClCompile>
    <ClInclude Include="..\blocks\Box2D\src\Box2D\Dynamics\Contacts\b2ChainAndCircleContact.h">
      <Filter>Blocks\Box2D\src\Box2D\Dynamics\Contacts</Filter>
    </ClInclude>
    <ClInclude Include="..\blocks\Box2D\src\Box2D\Dynamics\Contacts\b2ChainAndPolygonContact.h">
      <Filter>Blocks\Box2D\src\Box2D\Dynamics\Contacts</Filter>
    </ClInclude>
    <ClInclude Include="..\blocks\Box2D\src\Box2D\Dynamics\Contacts\b2CircleContact.h">
      <Filter>Blocks\Box2D\src\Box2D\Dynamics\Contacts</Filter>
    </ClInclude>
    <ClInclude Include="..\blocks\Box2D\src\Box2D\Dynamics\Contacts\b2Contact.h">
      <Filter>Blocks\Box2D\src\Box2D\Dynamics\Contacts</Filter>
    </ClInclude>
    <ClInclude Include="..\blocks\Box2D\src\Box2D\Dynamics\Contacts\b2ContactSolver.h">
      <Filter>Blocks\Box2D\src\Box2D\Dynamics\Contacts</Filter>
    </ClInclude>
    <ClInclude Include="..\blocks\Box2D\src\Box2D\Dynamics\Contacts\b2EdgeAndCircleContact.h">
      <Filter>Blocks\Box2D\src\Box2D\Dynamics\Contacts</Filter>
    </ClInclude>
    <ClInclude Include="..\blocks\Box2D\src\Box2D\Dynamics\Contacts\b2EdgeAndPolygonContact.h">
      <Filter>Blocks\Box2D\src\Box2D\Dynamics\Contacts</Filter>
    </ClInclude>
    <ClInclude Include="..\blocks\Box2D\src\Box2D\Dynamics\Contacts\b2PolygonAndCircleContact.h">
      <Filter>Blocks\Box2D\src\Box2D\Dynamics\Contacts</Filter>
    </ClInclude>
    <ClInclude Include="..\blocks\Box2D\src\Box2D\Dynamics\Contacts\b2PolygonContact.h">
      <Filter>Blocks\Box2D\src\Box2D\Dynamics\Contacts</Filter>
    </ClInclude>
    <ClCompile Include="..\blocks\Box2D\src\Box2D\Dynamics\Joints\b2DistanceJoint.cpp">
      <Filter>Blocks\Box2D\src\Box2D\Dynamics\Joints</Filter>
    </ClCompile>
    <ClCompile Include="..\blocks\Box2D\src\Box2D\Dynamics\Joints\b2FrictionJoint.cpp">
      <Filter>Blocks\Box2D\src\Box2D\Dynamics\Joints</Filter>
    </ClCompile>
    <ClCompile Include="..\blocks\Box2D\src\Box2D\Dynamics\Joints\b2GearJoint.cpp">
      <Filter>Blocks\Box2D\src\Box2D\Dynamics\Joints</Filter>
    </ClCompile>
    <ClCompile Include="..\blocks\Box2D\src\Box2D\Dynamics\Joints\b2Joint.cpp">
      <Filter>Blocks\Box2D\src\Box2D\Dynamics\Joints</Filter>
    </ClCompile>
    <ClCompile Include="..\blocks\Box2D\src\Box2D\Dynamics\Joints\b2MouseJoint.cpp">
      <Filter>Blocks\Box2D\src\Box2D\Dynamics\Joints</Filter>
    </ClCompile>
    <ClCompile Include="..\blocks\Box2D\src\Box2D\Dynamics\Joints\b2PrismaticJoint.cpp">
      <Filter>Blocks\Box2D\src\Box2D\Dynamics\Joints</Filter>
    </ClCompile>
    <ClCompile Include="..\blocks\Box2D\src\Box2D\Dynamics\Joints\b2PulleyJoint.cpp">
      <Filter>Blocks\Box2D\src\Box2D\Dynamics\Joints</Filter>
    </ClCompile>
    <ClCompile Include="..\blocks\Box2D\src\Box2D\Dynamics\Joints\b2RevoluteJoint.cpp">
      <Filter>Blocks\Box2D\src\Box2D\Dynamics\Joints</Filter>
    </ClCompile>
    <ClCompile Include="..\blocks\Box2D\src\Box2D\Dynamics\Joints\b2RopeJoint.cpp">
      <Filter>Blocks\Box2D\src\Box2D\Dynamics\Joints</Filter>
    </ClCompile>
    <ClCompile Include="..\blocks\Box2D\src\Box2D\Dynamics\Joints\b2WeldJoint.cpp">
      <Filter>Blocks\Box2D\src\Box2D\Dynamics\Joints</Filter>
    </ClCompile>
    <ClCompile Include="..\blocks\Box2D\src\Box2D\Dynamics\Joints\b2WheelJoint.cpp">
      <Filter>Blocks\Box2D\src\Box2D\Dynamics\Joints</Filter>
    </ClCompile>
    <ClInclude Include="..\blocks\Box2D\src\Box2D\Dynamics\Joints\b2DistanceJoint.h">
      <Filter>Blocks\Box2D\src\Box2D\Dynamics\Joints</Filter>
    </ClInclude>
    <ClInclude Include="..\blocks\Box2D\src\Box2D\Dynamics\Joints\b2FrictionJoint.h">
      <Filter>Blocks\Box2D\src\Box2D\Dynamics\Joints</Filter>
    </ClInclude>
    <ClInclude Include="..\blocks\Box2D\src\Box2D\Dynamics\Joints\b2GearJoint.h">
      <Filter>Blocks\Box2D\src\Box2D\Dynamics\Joints</Filter>
    </ClInclude>
    <ClInclude Include="..\blocks\Box2D\src\Box2D\Dynamics\Joints\b2Joint.h">
      <Filter>Blocks\Box2D\src\Box2D\Dynamics\Joints</Filter>
    </ClInclude>
    <ClInclude Include="..\blocks\Box2D\src\Box2D\Dynamics\Joints\b2MouseJoint.h">
      <Filter>Blocks\Box2D\src\Box2D\Dynamics\Joints</Filter>
    </ClInclude>
    <ClInclude Include="..\blocks\Box2D\src\Box2D\Dynamics\Joints\b2PrismaticJoint.h">
      <Filter>Blocks\Box2D\src\Box2D\Dynamics\Joints</Filter>
    </ClInclude>
    <ClInclude Include="..\blocks\Box2D\src\Box2D\Dynamics\Joints\b2PulleyJoint.h">
      <Filter>Blocks\Box2D\src\Box2D\Dynamics\Joints</Filter>
    </ClInclude>
    <ClInclude Include="..\blocks\Box2D\src\Box2D\Dynamics\Joints\b2RevoluteJoint.h">
      <Filter>Blocks\Box2D\src\Box2D\Dynamics\Joints</Filter>
    </ClInclude>
    <ClInclude Include="..\blocks\Box2D\src\Box2D\Dynamics\Joints\b2RopeJoint.h">
      <Filter>Blocks\Box2D\src\Box2D\Dynamics\Joints</Filter>
    </ClInclude>
    <ClInclude Include="..\blocks\Box2D\src\Box2D\Dynamics\Joints\b2WeldJoint.h">
      <Filter>Blocks\Box2D\src\Box2D\Dynamics\Joints</Filter>
    </ClInclude>
    <ClInclude Include="..\blocks\Box2D\src\Box2D\Dynamics\Joints\b2WheelJoint.h">
      <Filter>Blocks\Box2D\src\Box2D\Dynamics\Joints</Filter>
    </ClInclude>
    <ClCompile Include="..\blocks\Box2D\src\Box2D\Rope\b2Rope.cpp">
      <Filter>Blocks\Box2D\src\Box2D\Rope</Filter>
    </ClCompile>
    <ClInclude Include="..\blocks\Box2D\src\Box2D\Rope\b2Rope.h">
      <Filter>Blocks\Box2D\src\Box2D\Rope</Filter>
    </ClInclude>
    <ClInclude Include="..\blocks\Box2D\src\Box2D\Box2d.h">
      <Filter>Blocks\Box2D\src\Box2D</Filter>
    </ClInclude>
    <ClCompile Include="..\blocks\Cairo\src\Cairo.cpp">
      <Filter>Blocks\Cairo\src</Filter>
    </ClCompile>
    <ClInclude Include="..\blocks\Cairo\include\cinder\cairo\Cairo.h">
      <Filter>Blocks\Cairo\include\cinder\cairo</Filter>
    </ClInclude>
    <ClInclude Include="..\blocks\MsKinect\src\Kinect.h">
      <Filter>Blocks\MsKinect\src</Filter>
    </ClInclude>
    <ClCompile Include="..\blocks\MsKinect\src\Kinect.cpp">
      <Filter>Blocks\MsKinect\src</Filter>
    </ClCompile>
    <ClInclude Include="..\blocks\OpenCV\include\CinderOpenCV.h">
      <Filter>Blocks\OpenCV\include</Filter>
    </ClInclude>
    <ClCompile Include="..\blocks\OSC\src\OscBundle.cpp">
      <Filter>Blocks\OSC\src</Filter>
    </ClCompile>
    <ClCompile Include="..\blocks\OSC\src\OscListener.cpp">
      <Filter>Blocks\OSC\src</Filter>
    </ClCompile>
    <ClCompile Include="..\blocks\OSC\src\OscMessage.cpp">
      <Filter>Blocks\OSC\src</Filter>
    </ClCompile>
    <ClCompile Include="..\blocks\OSC\src\OscSender.cpp">
      <Filter>Blocks\OSC\src</Filter>
    </ClCompile>
    <ClCompile Include="..\blocks\OSC\src\ip\IpEndpointName.cpp">
      <Filter>Blocks\OSC\src\ip</Filter>
    </ClCompile>
    <ClCompile Include="..\blocks\OSC\src\osc\OscOutboundPacketStream.cpp">
      <Filter>Blocks\OSC\src\osc</Filter>
    </ClCompile>
    <ClCompile Include="..\blocks\OSC\src\osc\OscPrintReceivedElements.cpp">
      <Filter>Blocks\OSC\src\osc</Filter>
    </ClCompile>
    <ClCompile Include="..\blocks\OSC\src\osc\OscReceivedElements.cpp">
      <Filter>Blocks\OSC\src\osc</Filter>
    </ClCompile>
    <ClCompile Include="..\blocks\OSC\src\osc\OscTypes.cpp">
      <Filter>Blocks\OSC\src\osc</Filter>
    </ClCompile>
    <ClInclude Include="..\blocks\OSC\src\OscArg.h">
      <Filter>Blocks\OSC\src</Filter>
    </ClInclude>
    <ClInclude Include="..\blocks\OSC\src\OscBundle.h">
      <Filter>Blocks\OSC\src</Filter>
    </ClInclude>
    <ClInclude Include="..\blocks\OSC\src\OscListener.h">
      <Filter>Blocks\OSC\src</Filter>
    </ClInclude>
    <ClInclude Include="..\blocks\OSC\src\OscMessage.h">
      <Filter>Blocks\OSC\src</Filter>
    </ClInclude>
    <ClInclude Include="..\blocks\OSC\src\OscSender.h">
      <Filter>Blocks\OSC\src</Filter>
    </ClInclude>
    <ClInclude Include="..\blocks\OSC\src\ip\IpEndpointName.h">
      <Filter>Blocks\OSC\src\ip</Filter>
    </ClInclude>
    <ClInclude Include="..\blocks\OSC\src\ip\NetworkingUtils.h">
      <Filter>Blocks\OSC\src\ip</Filter>
    </ClInclude>
    <ClInclude Include="..\blocks\OSC\src\ip\PacketListener.h">
      <Filter>Blocks\OSC\src\ip</Filter>
    </ClInclude>
    <ClInclude Include="..\blocks\OSC\src\ip\TimerListener.h">
      <Filter>Blocks\OSC\src\ip</Filter>
    </ClInclude>
    <ClInclude Include="..\blocks\OSC\src\ip\UdpSocket.h">
      <Filter>Blocks\OSC\src\ip</Filter>
    </ClInclude>
    <ClInclude Include="..\blocks\OSC\src\osc\MessageMappingOscPacketListener.h">
      <Filter>Blocks\OSC\src\osc</Filter>
    </ClInclude>
    <ClInclude Include="..\blocks\OSC\src\osc\OscException.h">
      <Filter>Blocks\OSC\src\osc</Filter>
    </ClInclude>
    <ClInclude Include="..\blocks\OSC\src\osc\OscHostEndianness.h">
      <Filter>Blocks\OSC\src\osc</Filter>
    </ClInclude>
    <ClInclude Include="..\blocks\OSC\src\osc\OscOutboundPacketStream.h">
      <Filter>Blocks\OSC\src\osc</Filter>
    </ClInclude>
    <ClInclude Include="..\blocks\OSC\src\osc\OscPacketListener.h">
      <Filter>Blocks\OSC\src\osc</Filter>
    </ClInclude>
    <ClInclude Include="..\blocks\OSC\src\osc\OscPrintReceivedElements.h">
      <Filter>Blocks\OSC\src\osc</Filter>
    </ClInclude>
    <ClInclude Include="..\blocks\OSC\src\osc\OscReceivedElements.h">
      <Filter>Blocks\OSC\src\osc</Filter>
    </ClInclude>
    <ClInclude Include="..\blocks\OSC\src\osc\OscTypes.h">
      <Filter>Blocks\OSC\src\osc</Filter>
    </ClInclude>
    <ClCompile Include="..\blocks\OSC\src\ip\win32\NetworkingUtils.cpp">
      <Filter>Blocks\OSC\src\ip\win32</Filter>
    </ClCompile>
    <ClCompile Include="..\blocks\OSC\src\ip\win32\UdpSocket.cpp">
      <Filter>Blocks\OSC\src\ip\win32</Filter>
    </ClCompile>
    <ClCompile Include="..\blocks\TUIO\src\TuioClient.cpp">
      <Filter>Blocks\TUIO\src</Filter>
    </ClCompile>
    <ClInclude Include="..\blocks\TUIO\include\TuioClient.h">
      <Filter>Blocks\TUIO\include</Filter>
    </ClInclude>
    <ClInclude Include="..\blocks\TUIO\include\TuioCursor.h">
      <Filter>Blocks\TUIO\include</Filter>
    </ClInclude>
    <ClInclude Include="..\blocks\TUIO\include\TuioObject.h">
      <Filter>Blocks\TUIO\include</Filter>
    </ClInclude>
    <ClInclude Include="..\blocks\TUIO\include\TuioProfileBase.h">
      <Filter>Blocks\TUIO\include</Filter>
    </ClInclude>
  </ItemGroup>
  <ItemGroup>
    <ClInclude Include="..\include\Resources.h">
      <Filter>Header Files</Filter>
    </ClInclude>
  </ItemGroup>
  <ItemGroup>
    <ResourceCompile Include="Resources.rc">
      <Filter>Resource Files</Filter>
    </ResourceCompile>
  </ItemGroup>
</Project>
